// !$*UTF8*$!
{
	archiveVersion = 1;
	classes = {
	};
	objectVersion = 50;
	objects = {

/* Begin PBXBuildFile section */
		63FD0BDA21E3247800112528 /* NSDataBase64EncodingDemo.m in Sources */ = {isa = PBXBuildFile; fileRef = 63FD0BD921E3247800112528 /* NSDataBase64EncodingDemo.m */; };
		7ED3AD9921B250790068AD09 /* AppDelegate.m in Sources */ = {isa = PBXBuildFile; fileRef = 7ED3AD9821B250790068AD09 /* AppDelegate.m */; };
		7ED3AD9C21B250790068AD09 /* ViewController.m in Sources */ = {isa = PBXBuildFile; fileRef = 7ED3AD9B21B250790068AD09 /* ViewController.m */; };
		7ED3AD9F21B250790068AD09 /* Main.storyboard in Resources */ = {isa = PBXBuildFile; fileRef = 7ED3AD9D21B250790068AD09 /* Main.storyboard */; };
		7ED3ADA121B2507C0068AD09 /* Assets.xcassets in Resources */ = {isa = PBXBuildFile; fileRef = 7ED3ADA021B2507C0068AD09 /* Assets.xcassets */; };
		7ED3ADA421B2507C0068AD09 /* LaunchScreen.storyboard in Resources */ = {isa = PBXBuildFile; fileRef = 7ED3ADA221B2507C0068AD09 /* LaunchScreen.storyboard */; };
		7ED3ADA721B2507C0068AD09 /* main.m in Sources */ = {isa = PBXBuildFile; fileRef = 7ED3ADA621B2507C0068AD09 /* main.m */; };
		7ED3ADB121B2507C0068AD09 /* NSDataEncodingDemoTests.m in Sources */ = {isa = PBXBuildFile; fileRef = 7ED3ADB021B2507C0068AD09 /* NSDataEncodingDemoTests.m */; };
/* End PBXBuildFile section */

/* Begin PBXContainerItemProxy section */
		7ED3ADAD21B2507C0068AD09 /* PBXContainerItemProxy */ = {
			isa = PBXContainerItemProxy;
			containerPortal = 7ED3AD8C21B250790068AD09 /* Project object */;
			proxyType = 1;
			remoteGlobalIDString = 7ED3AD9321B250790068AD09;
			remoteInfo = DataEncodingDemo;
		};
/* End PBXContainerItemProxy section */

/* Begin PBXFileReference section */
		63FD0BD921E3247800112528 /* NSDataBase64EncodingDemo.m */ = {isa = PBXFileReference; lastKnownFileType = sourcecode.c.objc; path = NSDataBase64EncodingDemo.m; sourceTree = "<group>"; };
		7ED3AD9421B250790068AD09 /* DataEncodingDemo.app */ = {isa = PBXFileReference; explicitFileType = wrapper.application; includeInIndex = 0; path = DataEncodingDemo.app; sourceTree = BUILT_PRODUCTS_DIR; };
		7ED3AD9721B250790068AD09 /* AppDelegate.h */ = {isa = PBXFileReference; lastKnownFileType = sourcecode.c.h; path = AppDelegate.h; sourceTree = "<group>"; };
		7ED3AD9821B250790068AD09 /* AppDelegate.m */ = {isa = PBXFileReference; lastKnownFileType = sourcecode.c.objc; path = AppDelegate.m; sourceTree = "<group>"; };
		7ED3AD9A21B250790068AD09 /* ViewController.h */ = {isa = PBXFileReference; lastKnownFileType = sourcecode.c.h; path = ViewController.h; sourceTree = "<group>"; };
		7ED3AD9B21B250790068AD09 /* ViewController.m */ = {isa = PBXFileReference; lastKnownFileType = sourcecode.c.objc; path = ViewController.m; sourceTree = "<group>"; };
		7ED3AD9E21B250790068AD09 /* Base */ = {isa = PBXFileReference; lastKnownFileType = file.storyboard; name = Base; path = Base.lproj/Main.storyboard; sourceTree = "<group>"; };
		7ED3ADA021B2507C0068AD09 /* Assets.xcassets */ = {isa = PBXFileReference; lastKnownFileType = folder.assetcatalog; path = Assets.xcassets; sourceTree = "<group>"; };
		7ED3ADA321B2507C0068AD09 /* Base */ = {isa = PBXFileReference; lastKnownFileType = file.storyboard; name = Base; path = Base.lproj/LaunchScreen.storyboard; sourceTree = "<group>"; };
		7ED3ADA521B2507C0068AD09 /* Info.plist */ = {isa = PBXFileReference; lastKnownFileType = text.plist.xml; path = Info.plist; sourceTree = "<group>"; };
		7ED3ADA621B2507C0068AD09 /* main.m */ = {isa = PBXFileReference; lastKnownFileType = sourcecode.c.objc; path = main.m; sourceTree = "<group>"; };
		7ED3ADAC21B2507C0068AD09 /* DataEncodingDemoTests.xctest */ = {isa = PBXFileReference; explicitFileType = wrapper.cfbundle; includeInIndex = 0; path = DataEncodingDemoTests.xctest; sourceTree = BUILT_PRODUCTS_DIR; };
		7ED3ADB021B2507C0068AD09 /* NSDataEncodingDemoTests.m */ = {isa = PBXFileReference; lastKnownFileType = sourcecode.c.objc; path = NSDataEncodingDemoTests.m; sourceTree = "<group>"; };
		7ED3ADB221B2507C0068AD09 /* Info.plist */ = {isa = PBXFileReference; lastKnownFileType = text.plist.xml; path = Info.plist; sourceTree = "<group>"; };
/* End PBXFileReference section */

/* Begin PBXFrameworksBuildPhase section */
		7ED3AD9121B250790068AD09 /* Frameworks */ = {
			isa = PBXFrameworksBuildPhase;
			buildActionMask = 2147483647;
			files = (
			);
			runOnlyForDeploymentPostprocessing = 0;
		};
		7ED3ADA921B2507C0068AD09 /* Frameworks */ = {
			isa = PBXFrameworksBuildPhase;
			buildActionMask = 2147483647;
			files = (
			);
			runOnlyForDeploymentPostprocessing = 0;
		};
/* End PBXFrameworksBuildPhase section */

/* Begin PBXGroup section */
		7ED3AD8B21B250790068AD09 = {
			isa = PBXGroup;
			children = (
				7ED3AD9621B250790068AD09 /* DataEncodingDemo */,
				7ED3ADAF21B2507C0068AD09 /* DataEncodingDemoTests */,
				7ED3AD9521B250790068AD09 /* Products */,
			);
			sourceTree = "<group>";
		};
		7ED3AD9521B250790068AD09 /* Products */ = {
			isa = PBXGroup;
			children = (
				7ED3AD9421B250790068AD09 /* DataEncodingDemo.app */,
				7ED3ADAC21B2507C0068AD09 /* DataEncodingDemoTests.xctest */,
			);
			name = Products;
			sourceTree = "<group>";
		};
		7ED3AD9621B250790068AD09 /* DataEncodingDemo */ = {
			isa = PBXGroup;
			children = (
				7ED3AD9721B250790068AD09 /* AppDelegate.h */,
				7ED3AD9821B250790068AD09 /* AppDelegate.m */,
				7ED3AD9A21B250790068AD09 /* ViewController.h */,
				7ED3AD9B21B250790068AD09 /* ViewController.m */,
				7ED3AD9D21B250790068AD09 /* Main.storyboard */,
				7ED3ADA021B2507C0068AD09 /* Assets.xcassets */,
				7ED3ADA221B2507C0068AD09 /* LaunchScreen.storyboard */,
				7ED3ADA521B2507C0068AD09 /* Info.plist */,
				7ED3ADA621B2507C0068AD09 /* main.m */,
			);
			path = DataEncodingDemo;
			sourceTree = "<group>";
		};
		7ED3ADAF21B2507C0068AD09 /* DataEncodingDemoTests */ = {
			isa = PBXGroup;
			children = (
				7ED3ADB021B2507C0068AD09 /* NSDataEncodingDemoTests.m */,
				63FD0BD921E3247800112528 /* NSDataBase64EncodingDemo.m */,
				7ED3ADB221B2507C0068AD09 /* Info.plist */,
			);
			path = DataEncodingDemoTests;
			sourceTree = "<group>";
		};
/* End PBXGroup section */

/* Begin PBXNativeTarget section */
		7ED3AD9321B250790068AD09 /* DataEncodingDemo */ = {
			isa = PBXNativeTarget;
			buildConfigurationList = 7ED3ADB521B2507C0068AD09 /* Build configuration list for PBXNativeTarget "DataEncodingDemo" */;
			buildPhases = (
				7ED3AD9021B250790068AD09 /* Sources */,
				7ED3AD9121B250790068AD09 /* Frameworks */,
				7ED3AD9221B250790068AD09 /* Resources */,
			);
			buildRules = (
			);
			dependencies = (
			);
			name = DataEncodingDemo;
			productName = DataEncodingDemo;
			productReference = 7ED3AD9421B250790068AD09 /* DataEncodingDemo.app */;
			productType = "com.apple.product-type.application";
		};
		7ED3ADAB21B2507C0068AD09 /* DataEncodingDemoTests */ = {
			isa = PBXNativeTarget;
			buildConfigurationList = 7ED3ADB821B2507C0068AD09 /* Build configuration list for PBXNativeTarget "DataEncodingDemoTests" */;
			buildPhases = (
				7ED3ADA821B2507C0068AD09 /* Sources */,
				7ED3ADA921B2507C0068AD09 /* Frameworks */,
				7ED3ADAA21B2507C0068AD09 /* Resources */,
			);
			buildRules = (
			);
			dependencies = (
				7ED3ADAE21B2507C0068AD09 /* PBXTargetDependency */,
			);
			name = DataEncodingDemoTests;
			productName = DataEncodingDemoTests;
			productReference = 7ED3ADAC21B2507C0068AD09 /* DataEncodingDemoTests.xctest */;
			productType = "com.apple.product-type.bundle.unit-test";
		};
/* End PBXNativeTarget section */

/* Begin PBXProject section */
		7ED3AD8C21B250790068AD09 /* Project object */ = {
			isa = PBXProject;
			attributes = {
				LastUpgradeCheck = 1010;
				ORGANIZATIONNAME = "陈晓明";
				TargetAttributes = {
					7ED3AD9321B250790068AD09 = {
						CreatedOnToolsVersion = 10.1;
					};
					7ED3ADAB21B2507C0068AD09 = {
						CreatedOnToolsVersion = 10.1;
						TestTargetID = 7ED3AD9321B250790068AD09;
					};
				};
			};
			buildConfigurationList = 7ED3AD8F21B250790068AD09 /* Build configuration list for PBXProject "DataEncodingDemo" */;
			compatibilityVersion = "Xcode 9.3";
			developmentRegion = en;
			hasScannedForEncodings = 0;
			knownRegions = (
				en,
				Base,
			);
			mainGroup = 7ED3AD8B21B250790068AD09;
			productRefGroup = 7ED3AD9521B250790068AD09 /* Products */;
			projectDirPath = "";
			projectRoot = "";
			targets = (
				7ED3AD9321B250790068AD09 /* DataEncodingDemo */,
				7ED3ADAB21B2507C0068AD09 /* DataEncodingDemoTests */,
			);
		};
/* End PBXProject section */

/* Begin PBXResourcesBuildPhase section */
		7ED3AD9221B250790068AD09 /* Resources */ = {
			isa = PBXResourcesBuildPhase;
			buildActionMask = 2147483647;
			files = (
				7ED3ADA421B2507C0068AD09 /* LaunchScreen.storyboard in Resources */,
				7ED3ADA121B2507C0068AD09 /* Assets.xcassets in Resources */,
				7ED3AD9F21B250790068AD09 /* Main.storyboard in Resources */,
			);
			runOnlyForDeploymentPostprocessing = 0;
		};
		7ED3ADAA21B2507C0068AD09 /* Resources */ = {
			isa = PBXResourcesBuildPhase;
			buildActionMask = 2147483647;
			files = (
			);
			runOnlyForDeploymentPostprocessing = 0;
		};
/* End PBXResourcesBuildPhase section */

/* Begin PBXSourcesBuildPhase section */
		7ED3AD9021B250790068AD09 /* Sources */ = {
			isa = PBXSourcesBuildPhase;
			buildActionMask = 2147483647;
			files = (
				7ED3AD9C21B250790068AD09 /* ViewController.m in Sources */,
				7ED3ADA721B2507C0068AD09 /* main.m in Sources */,
				7ED3AD9921B250790068AD09 /* AppDelegate.m in Sources */,
			);
			runOnlyForDeploymentPostprocessing = 0;
		};
		7ED3ADA821B2507C0068AD09 /* Sources */ = {
			isa = PBXSourcesBuildPhase;
			buildActionMask = 2147483647;
			files = (
				7ED3ADB121B2507C0068AD09 /* NSDataEncodingDemoTests.m in Sources */,
				63FD0BDA21E3247800112528 /* NSDataBase64EncodingDemo.m in Sources */,
			);
			runOnlyForDeploymentPostprocessing = 0;
		};
/* End PBXSourcesBuildPhase section */

/* Begin PBXTargetDependency section */
		7ED3ADAE21B2507C0068AD09 /* PBXTargetDependency */ = {
			isa = PBXTargetDependency;
			target = 7ED3AD9321B250790068AD09 /* DataEncodingDemo */;
			targetProxy = 7ED3ADAD21B2507C0068AD09 /* PBXContainerItemProxy */;
		};
/* End PBXTargetDependency section */

/* Begin PBXVariantGroup section */
		7ED3AD9D21B250790068AD09 /* Main.storyboard */ = {
			isa = PBXVariantGroup;
			children = (
				7ED3AD9E21B250790068AD09 /* Base */,
			);
			name = Main.storyboard;
			sourceTree = "<group>";
		};
		7ED3ADA221B2507C0068AD09 /* LaunchScreen.storyboard */ = {
			isa = PBXVariantGroup;
			children = (
				7ED3ADA321B2507C0068AD09 /* Base */,
			);
			name = LaunchScreen.storyboard;
			sourceTree = "<group>";
		};
/* End PBXVariantGroup section */

/* Begin XCBuildConfiguration section */
		7ED3ADB321B2507C0068AD09 /* Debug */ = {
			isa = XCBuildConfiguration;
			buildSettings = {
				ALWAYS_SEARCH_USER_PATHS = NO;
				CLANG_ANALYZER_NONNULL = YES;
				CLANG_ANALYZER_NUMBER_OBJECT_CONVERSION = YES_AGGRESSIVE;
				CLANG_CXX_LANGUAGE_STANDARD = "gnu++14";
				CLANG_CXX_LIBRARY = "libc++";
				CLANG_ENABLE_MODULES = YES;
				CLANG_ENABLE_OBJC_ARC = YES;
				CLANG_ENABLE_OBJC_WEAK = YES;
				CLANG_WARN_BLOCK_CAPTURE_AUTORELEASING = YES;
				CLANG_WARN_BOOL_CONVERSION = YES;
				CLANG_WARN_COMMA = YES;
				CLANG_WARN_CONSTANT_CONVERSION = YES;
				CLANG_WARN_DEPRECATED_OBJC_IMPLEMENTATIONS = YES;
				CLANG_WARN_DIRECT_OBJC_ISA_USAGE = YES_ERROR;
				CLANG_WARN_DOCUMENTATION_COMMENTS = YES;
				CLANG_WARN_EMPTY_BODY = YES;
				CLANG_WARN_ENUM_CONVERSION = YES;
				CLANG_WARN_INFINITE_RECURSION = YES;
				CLANG_WARN_INT_CONVERSION = YES;
				CLANG_WARN_NON_LITERAL_NULL_CONVERSION = YES;
				CLANG_WARN_OBJC_IMPLICIT_RETAIN_SELF = YES;
				CLANG_WARN_OBJC_LITERAL_CONVERSION = YES;
				CLANG_WARN_OBJC_ROOT_CLASS = YES_ERROR;
				CLANG_WARN_RANGE_LOOP_ANALYSIS = YES;
				CLANG_WARN_STRICT_PROTOTYPES = YES;
				CLANG_WARN_SUSPICIOUS_MOVE = YES;
				CLANG_WARN_UNGUARDED_AVAILABILITY = YES_AGGRESSIVE;
				CLANG_WARN_UNREACHABLE_CODE = YES;
				CLANG_WARN__DUPLICATE_METHOD_MATCH = YES;
				CODE_SIGN_IDENTITY = "iPhone Developer";
				COPY_PHASE_STRIP = NO;
				DEBUG_INFORMATION_FORMAT = dwarf;
				ENABLE_STRICT_OBJC_MSGSEND = YES;
				ENABLE_TESTABILITY = YES;
				GCC_C_LANGUAGE_STANDARD = gnu11;
				GCC_DYNAMIC_NO_PIC = NO;
				GCC_NO_COMMON_BLOCKS = YES;
				GCC_OPTIMIZATION_LEVEL = 0;
				GCC_PREPROCESSOR_DEFINITIONS = (
					"DEBUG=1",
					"$(inherited)",
				);
				GCC_WARN_64_TO_32_BIT_CONVERSION = YES;
				GCC_WARN_ABOUT_RETURN_TYPE = YES_ERROR;
				GCC_WARN_UNDECLARED_SELECTOR = YES;
				GCC_WARN_UNINITIALIZED_AUTOS = YES_AGGRESSIVE;
				GCC_WARN_UNUSED_FUNCTION = YES;
				GCC_WARN_UNUSED_VARIABLE = YES;
				IPHONEOS_DEPLOYMENT_TARGET = 12.1;
				MTL_ENABLE_DEBUG_INFO = INCLUDE_SOURCE;
				MTL_FAST_MATH = YES;
				ONLY_ACTIVE_ARCH = YES;
				SDKROOT = iphoneos;
			};
			name = Debug;
		};
		7ED3ADB421B2507C0068AD09 /* Release */ = {
			isa = XCBuildConfiguration;
			buildSettings = {
				ALWAYS_SEARCH_USER_PATHS = NO;
				CLANG_ANALYZER_NONNULL = YES;
				CLANG_ANALYZER_NUMBER_OBJECT_CONVERSION = YES_AGGRESSIVE;
				CLANG_CXX_LANGUAGE_STANDARD = "gnu++14";
				CLANG_CXX_LIBRARY = "libc++";
				CLANG_ENABLE_MODULES = YES;
				CLANG_ENABLE_OBJC_ARC = YES;
				CLANG_ENABLE_OBJC_WEAK = YES;
				CLANG_WARN_BLOCK_CAPTURE_AUTORELEASING = YES;
				CLANG_WARN_BOOL_CONVERSION = YES;
				CLANG_WARN_COMMA = YES;
				CLANG_WARN_CONSTANT_CONVERSION = YES;
				CLANG_WARN_DEPRECATED_OBJC_IMPLEMENTATIONS = YES;
				CLANG_WARN_DIRECT_OBJC_ISA_USAGE = YES_ERROR;
				CLANG_WARN_DOCUMENTATION_COMMENTS = YES;
				CLANG_WARN_EMPTY_BODY = YES;
				CLANG_WARN_ENUM_CONVERSION = YES;
				CLANG_WARN_INFINITE_RECURSION = YES;
				CLANG_WARN_INT_CONVERSION = YES;
				CLANG_WARN_NON_LITERAL_NULL_CONVERSION = YES;
				CLANG_WARN_OBJC_IMPLICIT_RETAIN_SELF = YES;
				CLANG_WARN_OBJC_LITERAL_CONVERSION = YES;
				CLANG_WARN_OBJC_ROOT_CLASS = YES_ERROR;
				CLANG_WARN_RANGE_LOOP_ANALYSIS = YES;
				CLANG_WARN_STRICT_PROTOTYPES = YES;
				CLANG_WARN_SUSPICIOUS_MOVE = YES;
				CLANG_WARN_UNGUARDED_AVAILABILITY = YES_AGGRESSIVE;
				CLANG_WARN_UNREACHABLE_CODE = YES;
				CLANG_WARN__DUPLICATE_METHOD_MATCH = YES;
				CODE_SIGN_IDENTITY = "iPhone Developer";
				COPY_PHASE_STRIP = NO;
				DEBUG_INFORMATION_FORMAT = "dwarf-with-dsym";
				ENABLE_NS_ASSERTIONS = NO;
				ENABLE_STRICT_OBJC_MSGSEND = YES;
				GCC_C_LANGUAGE_STANDARD = gnu11;
				GCC_NO_COMMON_BLOCKS = YES;
				GCC_WARN_64_TO_32_BIT_CONVERSION = YES;
				GCC_WARN_ABOUT_RETURN_TYPE = YES_ERROR;
				GCC_WARN_UNDECLARED_SELECTOR = YES;
				GCC_WARN_UNINITIALIZED_AUTOS = YES_AGGRESSIVE;
				GCC_WARN_UNUSED_FUNCTION = YES;
				GCC_WARN_UNUSED_VARIABLE = YES;
				IPHONEOS_DEPLOYMENT_TARGET = 12.1;
				MTL_ENABLE_DEBUG_INFO = NO;
				MTL_FAST_MATH = YES;
				SDKROOT = iphoneos;
				VALIDATE_PRODUCT = YES;
			};
			name = Release;
		};
		7ED3ADB621B2507C0068AD09 /* Debug */ = {
			isa = XCBuildConfiguration;
			buildSettings = {
				ASSETCATALOG_COMPILER_APPICON_NAME = AppIcon;
				CODE_SIGN_STYLE = Automatic;
				DEVELOPMENT_TEAM = U4TFFP6YD3;
				INFOPLIST_FILE = DataEncodingDemo/Info.plist;
				IPHONEOS_DEPLOYMENT_TARGET = 9.0;
				LD_RUNPATH_SEARCH_PATHS = (
					"$(inherited)",
					"@executable_path/Frameworks",
				);
				PRODUCT_BUNDLE_IDENTIFIER = com.samuelchan.DataEncodingDemo;
				PRODUCT_NAME = "$(TARGET_NAME)";
				TARGETED_DEVICE_FAMILY = "1,2";
			};
			name = Debug;
		};
		7ED3ADB721B2507C0068AD09 /* Release */ = {
			isa = XCBuildConfiguration;
			buildSettings = {
				ASSETCATALOG_COMPILER_APPICON_NAME = AppIcon;
				CODE_SIGN_STYLE = Automatic;
				DEVELOPMENT_TEAM = U4TFFP6YD3;
				INFOPLIST_FILE = DataEncodingDemo/Info.plist;
				IPHONEOS_DEPLOYMENT_TARGET = 9.0;
				LD_RUNPATH_SEARCH_PATHS = (
					"$(inherited)",
					"@executable_path/Frameworks",
				);
				PRODUCT_BUNDLE_IDENTIFIER = com.samuelchan.DataEncodingDemo;
				PRODUCT_NAME = "$(TARGET_NAME)";
				TARGETED_DEVICE_FAMILY = "1,2";
			};
			name = Release;
		};
		7ED3ADB921B2507C0068AD09 /* Debug */ = {
			isa = XCBuildConfiguration;
			buildSettings = {
				BUNDLE_LOADER = "$(TEST_HOST)";
				CODE_SIGN_STYLE = Automatic;
				DEVELOPMENT_TEAM = U4TFFP6YD3;
				INFOPLIST_FILE = DataEncodingDemoTests/Info.plist;
				LD_RUNPATH_SEARCH_PATHS = (
					"$(inherited)",
					"@executable_path/Frameworks",
					"@loader_path/Frameworks",
				);
				PRODUCT_BUNDLE_IDENTIFIER = com.samuelchan.DataEncodingDemoTests;
				PRODUCT_NAME = "$(TARGET_NAME)";
				TARGETED_DEVICE_FAMILY = "1,2";
				TEST_HOST = "$(BUILT_PRODUCTS_DIR)/DataEncodingDemo.app/DataEncodingDemo";
			};
			name = Debug;
		};
		7ED3ADBA21B2507C0068AD09 /* Release */ = {
			isa = XCBuildConfiguration;
			buildSettings = {
				BUNDLE_LOADER = "$(TEST_HOST)";
				CODE_SIGN_STYLE = Automatic;
				DEVELOPMENT_TEAM = U4TFFP6YD3;
				INFOPLIST_FILE = DataEncodingDemoTests/Info.plist;
				LD_RUNPATH_SEARCH_PATHS = (
					"$(inherited)",
					"@executable_path/Frameworks",
					"@loader_path/Frameworks",
				);
				PRODUCT_BUNDLE_IDENTIFIER = com.samuelchan.DataEncodingDemoTests;
				PRODUCT_NAME = "$(TARGET_NAME)";
				TARGETED_DEVICE_FAMILY = "1,2";
				TEST_HOST = "$(BUILT_PRODUCTS_DIR)/DataEncodingDemo.app/DataEncodingDemo";
			};
			name = Release;
		};
/* End XCBuildConfiguration section */

/* Begin XCConfigurationList section */
		7ED3AD8F21B250790068AD09 /* Build configuration list for PBXProject "DataEncodingDemo" */ = {
			isa = XCConfigurationList;
			buildConfigurations = (
				7ED3ADB321B2507C0068AD09 /* Debug */,
				7ED3ADB421B2507C0068AD09 /* Release */,
			);
			defaultConfigurationIsVisible = 0;
			defaultConfigurationName = Release;
		};
		7ED3ADB521B2507C0068AD09 /* Build configuration list for PBXNativeTarget "DataEncodingDemo" */ = {
			isa = XCConfigurationList;
			buildConfigurations = (
				7ED3ADB621B2507C0068AD09 /* Debug */,
				7ED3ADB721B2507C0068AD09 /* Release */,
			);
			defaultConfigurationIsVisible = 0;
			defaultConfigurationName = Release;
		};
		7ED3ADB821B2507C0068AD09 /* Build configuration list for PBXNativeTarget "DataEncodingDemoTests" */ = {
			isa = XCConfigurationList;
			buildConfigurations = (
				7ED3ADB921B2507C0068AD09 /* Debug */,
				7ED3ADBA21B2507C0068AD09 /* Release */,
			);
			defaultConfigurationIsVisible = 0;
			defaultConfigurationName = Release;
		};
/* End XCConfigurationList section */
	};
	rootObject = 7ED3AD8C21B250790068AD09 /* Project object */;
}
